Microsoft Visual Studio Solution File, Format Version 11.00
# Visual Studio 2008

Project("{9FBB1FCC-1E7E-221E-E217-7157E7787E8A}") = "OceanMobileOptimized", "Assembly-CSharp-firstpass.csproj", "{D5485B26-1D41-8E0E-74F4-428859B3BA28}"
EndProject
Project("{9FBB1FCC-1E7E-221E-E217-7157E7787E8A}") = "OceanMobileOptimized", "Assembly-CSharp.csproj", "{5BCA4F2C-48EE-1375-C833-3CEDDECC5772}"
EndProject
Project("{9FBB1FCC-1E7E-221E-E217-7157E7787E8A}") = "OceanMobileOptimized", "Assembly-CSharp-Editor.csproj", "{AC62A1F8-5A91-AFBF-B4A1-19DDBF17B91E}"
EndProject
Project("{9FBB1FCC-1E7E-221E-E217-7157E7787E8A}") = "OceanMobileOptimized", "Assembly-UnityScript-firstpass.unityproj", "{13173249-83DF-A574-FB41-085FF39BB5FD}"
EndProject
Global
	GlobalSection(SolutionConfigurationPlatforms) = preSolution
		Debug|Any CPU = Debug|Any CPU
		Release|Any CPU = Release|Any CPU
	EndGlobalSection
	GlobalSection(ProjectConfigurationPlatforms) = postSolution
		{D5485B26-1D41-8E0E-74F4-428859B3BA28}.Debug|Any CPU.ActiveCfg = Debug|Any CPU
		{D5485B26-1D41-8E0E-74F4-428859B3BA28}.Debug|Any CPU.Build.0 = Debug|Any CPU
		{D5485B26-1D41-8E0E-74F4-428859B3BA28}.Release|Any CPU.ActiveCfg = Release|Any CPU
		{D5485B26-1D41-8E0E-74F4-428859B3BA28}.Release|Any CPU.Build.0 = Release|Any CPU
		{5BCA4F2C-48EE-1375-C833-3CEDDECC5772}.Debug|Any CPU.ActiveCfg = Debug|Any CPU
		{5BCA4F2C-48EE-1375-C833-3CEDDECC5772}.Debug|Any CPU.Build.0 = Debug|Any CPU
		{5BCA4F2C-48EE-1375-C833-3CEDDECC5772}.Release|Any CPU.ActiveCfg = Release|Any CPU
		{5BCA4F2C-48EE-1375-C833-3CEDDECC5772}.Release|Any CPU.Build.0 = Release|Any CPU
		{AC62A1F8-5A91-AFBF-B4A1-19DDBF17B91E}.Debug|Any CPU.ActiveCfg = Debug|Any CPU
		{AC62A1F8-5A91-AFBF-B4A1-19DDBF17B91E}.Debug|Any CPU.Build.0 = Debug|Any CPU
		{AC62A1F8-5A91-AFBF-B4A1-19DDBF17B91E}.Release|Any CPU.ActiveCfg = Release|Any CPU
		{AC62A1F8-5A91-AFBF-B4A1-19DDBF17B91E}.Release|Any CPU.Build.0 = Release|Any CPU
		{13173249-83DF-A574-FB41-085FF39BB5FD}.Debug|Any CPU.ActiveCfg = Debug|Any CPU
		{13173249-83DF-A574-FB41-085FF39BB5FD}.Debug|Any CPU.Build.0 = Debug|Any CPU
		{13173249-83DF-A574-FB41-085FF39BB5FD}.Release|Any CPU.ActiveCfg = Release|Any CPU
		{13173249-83DF-A574-FB41-085FF39BB5FD}.Release|Any CPU.Build.0 = Release|Any CPU
	EndGlobalSection
	GlobalSection(SolutionProperties) = preSolution
		HideSolutionNode = FALSE
	EndGlobalSection
																				GlobalSection(MonoDevelopProperties) = preSolution
		StartupItem = Assembly-CSharp.csproj
		Policies = $0
		$0.TextStylePolicy = $1
		$1.inheritsSet = null
		$1.scope = text/x-csharp
		$0.CSharpFormattingPolicy = $2
		$2.inheritsSet = Mono
		$2.inheritsScope = text/x-csharp
		$2.scope = text/x-csharp
		$0.TextStylePolicy = $3
		$3.FileWidth = 120
		$3.TabWidth = 4
		$3.EolMarker = Unix
		$3.inheritsSet = Mono
		$3.inheritsScope = text/plain
		$3.scope = text/plain
	EndGlobalSection

EndGlobal
